
Microsoft Visual Studio Solution File, Format Version 12.00
# Visual Studio Version 17
VisualStudioVersion = 17.3.32901.215
MinimumVisualStudioVersion = 10.0.40219.1
Project("{FAE04EC0-301F-11D3-BF4B-00C04F79EFBC}") = "Csharp10", "Csharp10\Csharp10.csproj", "{C7C5A588-AC82-4765-A70E-BB363E30CFB0}"
EndProject
Global
	GlobalSection(SolutionConfigurationPlatforms) = preSolution
		Debug|Any CPU = Debug|Any CPU
		Release|Any CPU = Release|Any CPU
	EndGlobalSection
	GlobalSection(ProjectConfigurationPlatforms) = postSolution
		{C7C5A588-AC82-4765-A70E-BB363E30CFB0}.Debug|Any CPU.ActiveCfg = Debug|Any CPU
		{C7C5A588-AC82-4765-A70E-BB363E30CFB0}.Debug|Any CPU.Build.0 = Debug|Any CPU
		{C7C5A588-AC82-4765-A70E-BB363E30CFB0}.Release|Any CPU.ActiveCfg = Release|Any CPU
		{C7C5A588-AC82-4765-A70E-BB363E30CFB0}.Release|Any CPU.Build.0 = Release|Any CPU
	EndGlobalSection
	GlobalSection(SolutionProperties) = preSolution
		HideSolutionNode = FALSE
	EndGlobalSection
	GlobalSection(ExtensibilityGlobals) = postSolution
		SolutionGuid = {A0A99D43-0C53-4037-894D-25BBB4D54DD3}
	EndGlobalSection
EndGlobal
